
Microsoft Visual Studio Solution File, Format Version 12.00
# Visual Studio Version 17
VisualStudioVersion = 17.0.31903.59
MinimumVisualStudioVersion = 10.0.40219.1
Project("{FAE04EC0-301F-11D3-BF4B-00C04F79EFBC}") = "API", "API\API.csproj", "{1FCA9604-48BE-4F1F-8B2D-4BEF96304092}"
EndProject
Project("{FAE04EC0-301F-11D3-BF4B-00C04F79EFBC}") = "Core", "Core\Core.csproj", "{C32C76B7-69C0-42B0-AC3E-2E18310FB4A8}"
EndProject
Project("{FAE04EC0-301F-11D3-BF4B-00C04F79EFBC}") = "Infrastructure", "Infrastructure\Infrastructure.csproj", "{72427C0B-922C-4A2D-9E47-CFB51B75C259}"
EndProject
Global
	GlobalSection(SolutionConfigurationPlatforms) = preSolution
		Debug|Any CPU = Debug|Any CPU
		Release|Any CPU = Release|Any CPU
	EndGlobalSection
	GlobalSection(SolutionProperties) = preSolution
		HideSolutionNode = FALSE
	EndGlobalSection
	GlobalSection(ProjectConfigurationPlatforms) = postSolution
		{1FCA9604-48BE-4F1F-8B2D-4BEF96304092}.Debug|Any CPU.ActiveCfg = Debug|Any CPU
		{1FCA9604-48BE-4F1F-8B2D-4BEF96304092}.Debug|Any CPU.Build.0 = Debug|Any CPU
		{1FCA9604-48BE-4F1F-8B2D-4BEF96304092}.Release|Any CPU.ActiveCfg = Release|Any CPU
		{1FCA9604-48BE-4F1F-8B2D-4BEF96304092}.Release|Any CPU.Build.0 = Release|Any CPU
		{C32C76B7-69C0-42B0-AC3E-2E18310FB4A8}.Debug|Any CPU.ActiveCfg = Debug|Any CPU
		{C32C76B7-69C0-42B0-AC3E-2E18310FB4A8}.Debug|Any CPU.Build.0 = Debug|Any CPU
		{C32C76B7-69C0-42B0-AC3E-2E18310FB4A8}.Release|Any CPU.ActiveCfg = Release|Any CPU
		{C32C76B7-69C0-42B0-AC3E-2E18310FB4A8}.Release|Any CPU.Build.0 = Release|Any CPU
		{72427C0B-922C-4A2D-9E47-CFB51B75C259}.Debug|Any CPU.ActiveCfg = Debug|Any CPU
		{72427C0B-922C-4A2D-9E47-CFB51B75C259}.Debug|Any CPU.Build.0 = Debug|Any CPU
		{72427C0B-922C-4A2D-9E47-CFB51B75C259}.Release|Any CPU.ActiveCfg = Release|Any CPU
		{72427C0B-922C-4A2D-9E47-CFB51B75C259}.Release|Any CPU.Build.0 = Release|Any CPU
	EndGlobalSection
EndGlobal
